// !$*UTF8*$!
{
	archiveVersion = 1;
	classes = {
	};
	objectVersion = 46;
	objects = {

/* Begin PBXBuildFile section */
		AD5DE8D219F9500A008BED86 /* SagradaFamilia.jpeg in Resources */ = {isa = PBXBuildFile; fileRef = AD5DE8D119F9500A008BED86 /* SagradaFamilia.jpeg */; };
		AD96DE0D19F8A52600B2A88B /* AppDelegate.swift in Sources */ = {isa = PBXBuildFile; fileRef = AD96DE0C19F8A52600B2A88B /* AppDelegate.swift */; };
		AD96DE0F19F8A52600B2A88B /* ViewController.swift in Sources */ = {isa = PBXBuildFile; fileRef = AD96DE0E19F8A52600B2A88B /* ViewController.swift */; };
		AD96DE1219F8A52600B2A88B /* Main.storyboard in Resources */ = {isa = PBXBuildFile; fileRef = AD96DE1019F8A52600B2A88B /* Main.storyboard */; };
		AD96DE1419F8A52600B2A88B /* Images.xcassets in Resources */ = {isa = PBXBuildFile; fileRef = AD96DE1319F8A52600B2A88B /* Images.xcassets */; };
		AD96DE1719F8A52600B2A88B /* LaunchScreen.xib in Resources */ = {isa = PBXBuildFile; fileRef = AD96DE1519F8A52600B2A88B /* LaunchScreen.xib */; };
		AD96DE2319F8A52700B2A88B /* PostcardTests.swift in Sources */ = {isa = PBXBuildFile; fileRef = AD96DE2219F8A52700B2A88B /* PostcardTests.swift */; };
		ADB911C119FBFF4D008C8143 /* AlbertEinsteinStamp.jpg in Resources */ = {isa = PBXBuildFile; fileRef = ADB911C019FBFF4D008C8143 /* AlbertEinsteinStamp.jpg */; };
/* End PBXBuildFile section */

/* Begin PBXContainerItemProxy section */
		AD96DE1D19F8A52700B2A88B /* PBXContainerItemProxy */ = {
			isa = PBXContainerItemProxy;
			containerPortal = AD96DDFF19F8A52600B2A88B /* Project object */;
			proxyType = 1;
			remoteGlobalIDString = AD96DE0619F8A52600B2A88B;
			remoteInfo = Postcard;
		};
/* End PBXContainerItemProxy section */

/* Begin PBXFileReference section */
		AD5DE8D119F9500A008BED86 /* SagradaFamilia.jpeg */ = {isa = PBXFileReference; lastKnownFileType = image.jpeg; path = SagradaFamilia.jpeg; sourceTree = "<group>"; };
		AD96DE0719F8A52600B2A88B /* Postcard.app */ = {isa = PBXFileReference; explicitFileType = wrapper.application; includeInIndex = 0; path = Postcard.app; sourceTree = BUILT_PRODUCTS_DIR; };
		AD96DE0B19F8A52600B2A88B /* Info.plist */ = {isa = PBXFileReference; lastKnownFileType = text.plist.xml; path = Info.plist; sourceTree = "<group>"; };
		AD96DE0C19F8A52600B2A88B /* AppDelegate.swift */ = {isa = PBXFileReference; lastKnownFileType = sourcecode.swift; path = AppDelegate.swift; sourceTree = "<group>"; };
		AD96DE0E19F8A52600B2A88B /* ViewController.swift */ = {isa = PBXFileReference; lastKnownFileType = sourcecode.swift; path = ViewController.swift; sourceTree = "<group>"; };
		AD96DE1119F8A52600B2A88B /* Base */ = {isa = PBXFileReference; lastKnownFileType = file.storyboard; name = Base; path = Base.lproj/Main.storyboard; sourceTree = "<group>"; };
		AD96DE1319F8A52600B2A88B /* Images.xcassets */ = {isa = PBXFileReference; lastKnownFileType = folder.assetcatalog; path = Images.xcassets; sourceTree = "<group>"; };
		AD96DE1619F8A52600B2A88B /* Base */ = {isa = PBXFileReference; lastKnownFileType = file.xib; name = Base; path = Base.lproj/LaunchScreen.xib; sourceTree = "<group>"; };
		AD96DE1C19F8A52700B2A88B /* PostcardTests.xctest */ = {isa = PBXFileReference; explicitFileType = wrapper.cfbundle; includeInIndex = 0; path = PostcardTests.xctest; sourceTree = BUILT_PRODUCTS_DIR; };
		AD96DE2119F8A52700B2A88B /* Info.plist */ = {isa = PBXFileReference; lastKnownFileType = text.plist.xml; path = Info.plist; sourceTree = "<group>"; };
		AD96DE2219F8A52700B2A88B /* PostcardTests.swift */ = {isa = PBXFileReference; lastKnownFileType = sourcecode.swift; path = PostcardTests.swift; sourceTree = "<group>"; };
		ADB911C019FBFF4D008C8143 /* AlbertEinsteinStamp.jpg */ = {isa = PBXFileReference; lastKnownFileType = image.jpeg; path = AlbertEinsteinStamp.jpg; sourceTree = "<group>"; };
/* End PBXFileReference section */

/* Begin PBXFrameworksBuildPhase section */
		AD96DE0419F8A52600B2A88B /* Frameworks */ = {
			isa = PBXFrameworksBuildPhase;
			buildActionMask = 2147483647;
			files = (
			);
			runOnlyForDeploymentPostprocessing = 0;
		};
		AD96DE1919F8A52700B2A88B /* Frameworks */ = {
			isa = PBXFrameworksBuildPhase;
			buildActionMask = 2147483647;
			files = (
			);
			runOnlyForDeploymentPostprocessing = 0;
		};
/* End PBXFrameworksBuildPhase section */

/* Begin PBXGroup section */
		AD96DDFE19F8A52600B2A88B = {
			isa = PBXGroup;
			children = (
				AD96DE0919F8A52600B2A88B /* Postcard */,
				AD96DE1F19F8A52700B2A88B /* PostcardTests */,
				AD96DE0819F8A52600B2A88B /* Products */,
			);
			sourceTree = "<group>";
		};
		AD96DE0819F8A52600B2A88B /* Products */ = {
			isa = PBXGroup;
			children = (
				AD96DE0719F8A52600B2A88B /* Postcard.app */,
				AD96DE1C19F8A52700B2A88B /* PostcardTests.xctest */,
			);
			name = Products;
			sourceTree = "<group>";
		};
		AD96DE0919F8A52600B2A88B /* Postcard */ = {
			isa = PBXGroup;
			children = (
				AD96DE0C19F8A52600B2A88B /* AppDelegate.swift */,
				AD96DE0E19F8A52600B2A88B /* ViewController.swift */,
				AD96DE1019F8A52600B2A88B /* Main.storyboard */,
				AD96DE1319F8A52600B2A88B /* Images.xcassets */,
				AD96DE1519F8A52600B2A88B /* LaunchScreen.xib */,
				AD96DE0A19F8A52600B2A88B /* Supporting Files */,
			);
			path = Postcard;
			sourceTree = "<group>";
		};
		AD96DE0A19F8A52600B2A88B /* Supporting Files */ = {
			isa = PBXGroup;
			children = (
				ADB911C019FBFF4D008C8143 /* AlbertEinsteinStamp.jpg */,
				AD5DE8D119F9500A008BED86 /* SagradaFamilia.jpeg */,
				AD96DE0B19F8A52600B2A88B /* Info.plist */,
			);
			name = "Supporting Files";
			sourceTree = "<group>";
		};
		AD96DE1F19F8A52700B2A88B /* PostcardTests */ = {
			isa = PBXGroup;
			children = (
				AD96DE2219F8A52700B2A88B /* PostcardTests.swift */,
				AD96DE2019F8A52700B2A88B /* Supporting Files */,
			);
			path = PostcardTests;
			sourceTree = "<group>";
		};
		AD96DE2019F8A52700B2A88B /* Supporting Files */ = {
			isa = PBXGroup;
			children = (
				AD96DE2119F8A52700B2A88B /* Info.plist */,
			);
			name = "Supporting Files";
			sourceTree = "<group>";
		};
/* End PBXGroup section */

/* Begin PBXNativeTarget section */
		AD96DE0619F8A52600B2A88B /* Postcard */ = {
			isa = PBXNativeTarget;
			buildConfigurationList = AD96DE2619F8A52700B2A88B /* Build configuration list for PBXNativeTarget "Postcard" */;
			buildPhases = (
				AD96DE0319F8A52600B2A88B /* Sources */,
				AD96DE0419F8A52600B2A88B /* Frameworks */,
				AD96DE0519F8A52600B2A88B /* Resources */,
			);
			buildRules = (
			);
			dependencies = (
			);
			name = Postcard;
			productName = Postcard;
			productReference = AD96DE0719F8A52600B2A88B /* Postcard.app */;
			productType = "com.apple.product-type.application";
		};
		AD96DE1B19F8A52700B2A88B /* PostcardTests */ = {
			isa = PBXNativeTarget;
			buildConfigurationList = AD96DE2919F8A52700B2A88B /* Build configuration list for PBXNativeTarget "PostcardTests" */;
			buildPhases = (
				AD96DE1819F8A52700B2A88B /* Sources */,
				AD96DE1919F8A52700B2A88B /* Frameworks */,
				AD96DE1A19F8A52700B2A88B /* Resources */,
			);
			buildRules = (
			);
			dependencies = (
				AD96DE1E19F8A52700B2A88B /* PBXTargetDependency */,
			);
			name = PostcardTests;
			productName = PostcardTests;
			productReference = AD96DE1C19F8A52700B2A88B /* PostcardTests.xctest */;
			productType = "com.apple.product-type.bundle.unit-test";
		};
/* End PBXNativeTarget section */

/* Begin PBXProject section */
		AD96DDFF19F8A52600B2A88B /* Project object */ = {
			isa = PBXProject;
			attributes = {
				LastUpgradeCheck = 0610;
				ORGANIZATIONNAME = "Cody Dysert";
				TargetAttributes = {
					AD96DE0619F8A52600B2A88B = {
						CreatedOnToolsVersion = 6.1;
					};
					AD96DE1B19F8A52700B2A88B = {
						CreatedOnToolsVersion = 6.1;
						TestTargetID = AD96DE0619F8A52600B2A88B;
					};
				};
			};
			buildConfigurationList = AD96DE0219F8A52600B2A88B /* Build configuration list for PBXProject "Postcard" */;
			compatibilityVersion = "Xcode 3.2";
			developmentRegion = English;
			hasScannedForEncodings = 0;
			knownRegions = (
				en,
				Base,
			);
			mainGroup = AD96DDFE19F8A52600B2A88B;
			productRefGroup = AD96DE0819F8A52600B2A88B /* Products */;
			projectDirPath = "";
			projectRoot = "";
			targets = (
				AD96DE0619F8A52600B2A88B /* Postcard */,
				AD96DE1B19F8A52700B2A88B /* PostcardTests */,
			);
		};
/* End PBXProject section */

/* Begin PBXResourcesBuildPhase section */
		AD96DE0519F8A52600B2A88B /* Resources */ = {
			isa = PBXResourcesBuildPhase;
			buildActionMask = 2147483647;
			files = (
				AD96DE1219F8A52600B2A88B /* Main.storyboard in Resources */,
				AD5DE8D219F9500A008BED86 /* SagradaFamilia.jpeg in Resources */,
				ADB911C119FBFF4D008C8143 /* AlbertEinsteinStamp.jpg in Resources */,
				AD96DE1719F8A52600B2A88B /* LaunchScreen.xib in Resources */,
				AD96DE1419F8A52600B2A88B /* Images.xcassets in Resources */,
			);
			runOnlyForDeploymentPostprocessing = 0;
		};
		AD96DE1A19F8A52700B2A88B /* Resources */ = {
			isa = PBXResourcesBuildPhase;
			buildActionMask = 2147483647;
			files = (
			);
			runOnlyForDeploymentPostprocessing = 0;
		};
/* End PBXResourcesBuildPhase section */

/* Begin PBXSourcesBuildPhase section */
		AD96DE0319F8A52600B2A88B /* Sources */ = {
			isa = PBXSourcesBuildPhase;
			buildActionMask = 2147483647;
			files = (
				AD96DE0F19F8A52600B2A88B /* ViewController.swift in Sources */,
				AD96DE0D19F8A52600B2A88B /* AppDelegate.swift in Sources */,
			);
			runOnlyForDeploymentPostprocessing = 0;
		};
		AD96DE1819F8A52700B2A88B /* Sources */ = {
			isa = PBXSourcesBuildPhase;
			buildActionMask = 2147483647;
			files = (
				AD96DE2319F8A52700B2A88B /* PostcardTests.swift in Sources */,
			);
			runOnlyForDeploymentPostprocessing = 0;
		};
/* End PBXSourcesBuildPhase section */

/* Begin PBXTargetDependency section */
		AD96DE1E19F8A52700B2A88B /* PBXTargetDependency */ = {
			isa = PBXTargetDependency;
			target = AD96DE0619F8A52600B2A88B /* Postcard */;
			targetProxy = AD96DE1D19F8A52700B2A88B /* PBXContainerItemProxy */;
		};
/* End PBXTargetDependency section */

/* Begin PBXVariantGroup section */
		AD96DE1019F8A52600B2A88B /* Main.storyboard */ = {
			isa = PBXVariantGroup;
			children = (
				AD96DE1119F8A52600B2A88B /* Base */,
			);
			name = Main.storyboard;
			sourceTree = "<group>";
		};
		AD96DE1519F8A52600B2A88B /* LaunchScreen.xib */ = {
			isa = PBXVariantGroup;
			children = (
				AD96DE1619F8A52600B2A88B /* Base */,
			);
			name = LaunchScreen.xib;
			sourceTree = "<group>";
		};
/* End PBXVariantGroup section */

/* Begin XCBuildConfiguration section */
		AD96DE2419F8A52700B2A88B /* Debug */ = {
			isa = XCBuildConfiguration;
			buildSettings = {
				ALWAYS_SEARCH_USER_PATHS = NO;
				CLANG_CXX_LANGUAGE_STANDARD = "gnu++0x";
				CLANG_CXX_LIBRARY = "libc++";
				CLANG_ENABLE_MODULES = YES;
				CLANG_ENABLE_OBJC_ARC = YES;
				CLANG_WARN_BOOL_CONVERSION = YES;
				CLANG_WARN_CONSTANT_CONVERSION = YES;
				CLANG_WARN_DIRECT_OBJC_ISA_USAGE = YES_ERROR;
				CLANG_WARN_EMPTY_BODY = YES;
				CLANG_WARN_ENUM_CONVERSION = YES;
				CLANG_WARN_INT_CONVERSION = YES;
				CLANG_WARN_OBJC_ROOT_CLASS = YES_ERROR;
				CLANG_WARN_UNREACHABLE_CODE = YES;
				CLANG_WARN__DUPLICATE_METHOD_MATCH = YES;
				"CODE_SIGN_IDENTITY[sdk=iphoneos*]" = "iPhone Developer";
				COPY_PHASE_STRIP = NO;
				ENABLE_STRICT_OBJC_MSGSEND = YES;
				GCC_C_LANGUAGE_STANDARD = gnu99;
				GCC_DYNAMIC_NO_PIC = NO;
				GCC_OPTIMIZATION_LEVEL = 0;
				GCC_PREPROCESSOR_DEFINITIONS = (
					"DEBUG=1",
					"$(inherited)",
				);
				GCC_SYMBOLS_PRIVATE_EXTERN = NO;
				GCC_WARN_64_TO_32_BIT_CONVERSION = YES;
				GCC_WARN_ABOUT_RETURN_TYPE = YES_ERROR;
				GCC_WARN_UNDECLARED_SELECTOR = YES;
				GCC_WARN_UNINITIALIZED_AUTOS = YES_AGGRESSIVE;
				GCC_WARN_UNUSED_FUNCTION = YES;
				GCC_WARN_UNUSED_VARIABLE = YES;
				IPHONEOS_DEPLOYMENT_TARGET = 8.1;
				MTL_ENABLE_DEBUG_INFO = YES;
				ONLY_ACTIVE_ARCH = YES;
				SDKROOT = iphoneos;
				SWIFT_OPTIMIZATION_LEVEL = "-Onone";
				TARGETED_DEVICE_FAMILY = "1,2";
			};
			name = Debug;
		};
		AD96DE2519F8A52700B2A88B /* Release */ = {
			isa = XCBuildConfiguration;
			buildSettings = {
				ALWAYS_SEARCH_USER_PATHS = NO;
				CLANG_CXX_LANGUAGE_STANDARD = "gnu++0x";
				CLANG_CXX_LIBRARY = "libc++";
				CLANG_ENABLE_MODULES = YES;
				CLANG_ENABLE_OBJC_ARC = YES;
				CLANG_WARN_BOOL_CONVERSION = YES;
				CLANG_WARN_CONSTANT_CONVERSION = YES;
				CLANG_WARN_DIRECT_OBJC_ISA_USAGE = YES_ERROR;
				CLANG_WARN_EMPTY_BODY = YES;
				CLANG_WARN_ENUM_CONVERSION = YES;
				CLANG_WARN_INT_CONVERSION = YES;
				CLANG_WARN_OBJC_ROOT_CLASS = YES_ERROR;
				CLANG_WARN_UNREACHABLE_CODE = YES;
				CLANG_WARN__DUPLICATE_METHOD_MATCH = YES;
				"CODE_SIGN_IDENTITY[sdk=iphoneos*]" = "iPhone Developer";
				COPY_PHASE_STRIP = YES;
				ENABLE_NS_ASSERTIONS = NO;
				ENABLE_STRICT_OBJC_MSGSEND = YES;
				GCC_C_LANGUAGE_STANDARD = gnu99;
				GCC_WARN_64_TO_32_BIT_CONVERSION = YES;
				GCC_WARN_ABOUT_RETURN_TYPE = YES_ERROR;
				GCC_WARN_UNDECLARED_SELECTOR = YES;
				GCC_WARN_UNINITIALIZED_AUTOS = YES_AGGRESSIVE;
				GCC_WARN_UNUSED_FUNCTION = YES;
				GCC_WARN_UNUSED_VARIABLE = YES;
				IPHONEOS_DEPLOYMENT_TARGET = 8.1;
				MTL_ENABLE_DEBUG_INFO = NO;
				SDKROOT = iphoneos;
				TARGETED_DEVICE_FAMILY = "1,2";
				VALIDATE_PRODUCT = YES;
			};
			name = Release;
		};
		AD96DE2719F8A52700B2A88B /* Debug */ = {
			isa = XCBuildConfiguration;
			buildSettings = {
				ASSETCATALOG_COMPILER_APPICON_NAME = AppIcon;
				INFOPLIST_FILE = Postcard/Info.plist;
				LD_RUNPATH_SEARCH_PATHS = "$(inherited) @executable_path/Frameworks";
				PRODUCT_NAME = "$(TARGET_NAME)";
			};
			name = Debug;
		};
		AD96DE2819F8A52700B2A88B /* Release */ = {
			isa = XCBuildConfiguration;
			buildSettings = {
				ASSETCATALOG_COMPILER_APPICON_NAME = AppIcon;
				INFOPLIST_FILE = Postcard/Info.plist;
				LD_RUNPATH_SEARCH_PATHS = "$(inherited) @executable_path/Frameworks";
				PRODUCT_NAME = "$(TARGET_NAME)";
			};
			name = Release;
		};
		AD96DE2A19F8A52700B2A88B /* Debug */ = {
			isa = XCBuildConfiguration;
			buildSettings = {
				BUNDLE_LOADER = "$(TEST_HOST)";
				FRAMEWORK_SEARCH_PATHS = (
					"$(SDKROOT)/Developer/Library/Frameworks",
					"$(inherited)",
				);
				GCC_PREPROCESSOR_DEFINITIONS = (
					"DEBUG=1",
					"$(inherited)",
				);
				INFOPLIST_FILE = PostcardTests/Info.plist;
				LD_RUNPATH_SEARCH_PATHS = "$(inherited) @executable_path/Frameworks @loader_path/Frameworks";
				PRODUCT_NAME = "$(TARGET_NAME)";
				TEST_HOST = "$(BUILT_PRODUCTS_DIR)/Postcard.app/Postcard";
			};
			name = Debug;
		};
		AD96DE2B19F8A52700B2A88B /* Release */ = {
			isa = XCBuildConfiguration;
			buildSettings = {
				BUNDLE_LOADER = "$(TEST_HOST)";
				FRAMEWORK_SEARCH_PATHS = (
					"$(SDKROOT)/Developer/Library/Frameworks",
					"$(inherited)",
				);
				INFOPLIST_FILE = PostcardTests/Info.plist;
				LD_RUNPATH_SEARCH_PATHS = "$(inherited) @executable_path/Frameworks @loader_path/Frameworks";
				PRODUCT_NAME = "$(TARGET_NAME)";
				TEST_HOST = "$(BUILT_PRODUCTS_DIR)/Postcard.app/Postcard";
			};
			name = Release;
		};
/* End XCBuildConfiguration section */

/* Begin XCConfigurationList section */
		AD96DE0219F8A52600B2A88B /* Build configuration list for PBXProject "Postcard" */ = {
			isa = XCConfigurationList;
			buildConfigurations = (
				AD96DE2419F8A52700B2A88B /* Debug */,
				AD96DE2519F8A52700B2A88B /* Release */,
			);
			defaultConfigurationIsVisible = 0;
			defaultConfigurationName = Release;
		};
		AD96DE2619F8A52700B2A88B /* Build configuration list for PBXNativeTarget "Postcard" */ = {
			isa = XCConfigurationList;
			buildConfigurations = (
				AD96DE2719F8A52700B2A88B /* Debug */,
				AD96DE2819F8A52700B2A88B /* Release */,
			);
			defaultConfigurationIsVisible = 0;
			defaultConfigurationName = Release;
		};
		AD96DE2919F8A52700B2A88B /* Build configuration list for PBXNativeTarget "PostcardTests" */ = {
			isa = XCConfigurationList;
			buildConfigurations = (
				AD96DE2A19F8A52700B2A88B /* Debug */,
				AD96DE2B19F8A52700B2A88B /* Release */,
			);
			defaultConfigurationIsVisible = 0;
			defaultConfigurationName = Release;
		};
/* End XCConfigurationList section */
	};
	rootObject = AD96DDFF19F8A52600B2A88B /* Project object */;
}
